# This file is automatically @generated by Cargo.
# It is not intended for manual editing.
version = 4

[[package]]
name = "p0"
version = "0.1.0"

[[package]]
name = "p1"
version = "0.1.0"

[[package]]
name = "p10"
version = "0.1.0"

[[package]]
name = "p11"
version = "0.1.0"

[[package]]
name = "p12"
version = "0.1.0"

[[package]]
name = "p13"
version = "0.1.0"

[[package]]
name = "p14"
version = "0.1.0"

[[package]]
name = "p2"
version = "0.1.0"

[[package]]
name = "p3"
version = "0.1.0"

[[package]]
name = "p4"
version = "0.1.0"

[[package]]
name = "p5"
version = "0.1.0"

[[package]]
name = "p6"
version = "0.1.0"

[[package]]
name = "p7"
version = "0.1.0"

[[package]]
name = "p8"
version = "0.1.0"

[[package]]
name = "p9"
version = "0.1.0"

[[package]]
name = "runner"
version = "0.1.0"
dependencies = [
 "p1",
 "p10",
 "p11",
 "p12",
 "p13",
 "p14",
 "p2",
 "p3",
 "p4",
 "p5",
 "p6",
 "p7",
 "p8",
 "p9",
]
